
Microsoft Visual Studio Solution File, Format Version 12.00
# Visual Studio Version 17
VisualStudioVersion = 17.7.34009.444
MinimumVisualStudioVersion = 10.0.40219.1
Project("{FAE04EC0-301F-11D3-BF4B-00C04F79EFBC}") = "ApiGatewayGerencyl", "ApiGatewayGerencyl\ApiGatewayGerencyl.csproj", "{F20A75A4-952C-4F5F-A983-BDA2E3DBBC92}"
EndProject
Global
	GlobalSection(SolutionConfigurationPlatforms) = preSolution
		Debug|Any CPU = Debug|Any CPU
		Release|Any CPU = Release|Any CPU
	EndGlobalSection
	GlobalSection(ProjectConfigurationPlatforms) = postSolution
		{F20A75A4-952C-4F5F-A983-BDA2E3DBBC92}.Debug|Any CPU.ActiveCfg = Debug|Any CPU
		{F20A75A4-952C-4F5F-A983-BDA2E3DBBC92}.Debug|Any CPU.Build.0 = Debug|Any CPU
		{F20A75A4-952C-4F5F-A983-BDA2E3DBBC92}.Release|Any CPU.ActiveCfg = Release|Any CPU
		{F20A75A4-952C-4F5F-A983-BDA2E3DBBC92}.Release|Any CPU.Build.0 = Release|Any CPU
	EndGlobalSection
	GlobalSection(SolutionProperties) = preSolution
		HideSolutionNode = FALSE
	EndGlobalSection
	GlobalSection(ExtensibilityGlobals) = postSolution
		SolutionGuid = {995AA535-DDCD-41DB-8791-4C831DEA94B9}
	EndGlobalSection
EndGlobal
