
Microsoft Visual Studio Solution File, Format Version 12.00
# Visual Studio Version 17
VisualStudioVersion = 17.7.34009.444
MinimumVisualStudioVersion = 10.0.40219.1
Project("{2150E333-8FDC-42A3-9474-1A3956D46DE8}") = "WebApis", "WebApis", "{D70A56FA-6016-4EF3-B4BD-1DDE899153EC}"
EndProject
Project("{2150E333-8FDC-42A3-9474-1A3956D46DE8}") = "Domain", "Domain", "{0EE8332C-B877-42BA-BDE4-CDEF96E559D2}"
EndProject
Project("{2150E333-8FDC-42A3-9474-1A3956D46DE8}") = "Infrastructure", "Infrastructure", "{0D9BBBA6-6DBF-4C4F-88DD-5BE466A527F0}"
EndProject
Project("{9A19103F-16F7-4668-BE54-9A1E7A4F7556}") = "Infrastructure", "Infrastructure\Infrastructure.csproj", "{C22F601C-1AF1-4877-8F1B-51EE7060D00E}"
EndProject
Project("{9A19103F-16F7-4668-BE54-9A1E7A4F7556}") = "Domain", "Domain\Domain.csproj", "{CA270844-BD63-40ED-8706-47AB33F16C9D}"
EndProject
Project("{9A19103F-16F7-4668-BE54-9A1E7A4F7556}") = "GerencylApiWorkService", "GerencylApi\GerencylApiWorkService.csproj", "{4C07CF9D-D08B-4873-B12A-81A3443A46FA}"
EndProject
Global
	GlobalSection(SolutionConfigurationPlatforms) = preSolution
		Debug|Any CPU = Debug|Any CPU
		Release|Any CPU = Release|Any CPU
	EndGlobalSection
	GlobalSection(ProjectConfigurationPlatforms) = postSolution
		{C22F601C-1AF1-4877-8F1B-51EE7060D00E}.Debug|Any CPU.ActiveCfg = Debug|Any CPU
		{C22F601C-1AF1-4877-8F1B-51EE7060D00E}.Debug|Any CPU.Build.0 = Debug|Any CPU
		{C22F601C-1AF1-4877-8F1B-51EE7060D00E}.Release|Any CPU.ActiveCfg = Release|Any CPU
		{C22F601C-1AF1-4877-8F1B-51EE7060D00E}.Release|Any CPU.Build.0 = Release|Any CPU
		{CA270844-BD63-40ED-8706-47AB33F16C9D}.Debug|Any CPU.ActiveCfg = Debug|Any CPU
		{CA270844-BD63-40ED-8706-47AB33F16C9D}.Debug|Any CPU.Build.0 = Debug|Any CPU
		{CA270844-BD63-40ED-8706-47AB33F16C9D}.Release|Any CPU.ActiveCfg = Release|Any CPU
		{CA270844-BD63-40ED-8706-47AB33F16C9D}.Release|Any CPU.Build.0 = Release|Any CPU
		{4C07CF9D-D08B-4873-B12A-81A3443A46FA}.Debug|Any CPU.ActiveCfg = Debug|Any CPU
		{4C07CF9D-D08B-4873-B12A-81A3443A46FA}.Debug|Any CPU.Build.0 = Debug|Any CPU
		{4C07CF9D-D08B-4873-B12A-81A3443A46FA}.Release|Any CPU.ActiveCfg = Release|Any CPU
		{4C07CF9D-D08B-4873-B12A-81A3443A46FA}.Release|Any CPU.Build.0 = Release|Any CPU
	EndGlobalSection
	GlobalSection(SolutionProperties) = preSolution
		HideSolutionNode = FALSE
	EndGlobalSection
	GlobalSection(NestedProjects) = preSolution
		{C22F601C-1AF1-4877-8F1B-51EE7060D00E} = {0D9BBBA6-6DBF-4C4F-88DD-5BE466A527F0}
		{CA270844-BD63-40ED-8706-47AB33F16C9D} = {0EE8332C-B877-42BA-BDE4-CDEF96E559D2}
		{4C07CF9D-D08B-4873-B12A-81A3443A46FA} = {D70A56FA-6016-4EF3-B4BD-1DDE899153EC}
	EndGlobalSection
	GlobalSection(ExtensibilityGlobals) = postSolution
		SolutionGuid = {ACD8FA57-FEA1-4662-BF65-82A13FC524C1}
	EndGlobalSection
EndGlobal
